// !$*UTF8*$!
{
	archiveVersion = 1;
	classes = {
	};
	objectVersion = 46;
	objects = {

/* Begin PBXBuildFile section */
		39A73A691D6D466D00A48A83 /* main.swift in Sources */ = {isa = PBXBuildFile; fileRef = 39A73A681D6D466D00A48A83 /* main.swift */; };
		39A73A701D6D467E00A48A83 /* File.swift in Sources */ = {isa = PBXBuildFile; fileRef = 39A73A6F1D6D467E00A48A83 /* File.swift */; };
		39A73A721D6D46F600A48A83 /* FolderCrawler.swift in Sources */ = {isa = PBXBuildFile; fileRef = 39A73A711D6D46F600A48A83 /* FolderCrawler.swift */; };
/* End PBXBuildFile section */

/* Begin PBXCopyFilesBuildPhase section */
		39A73A631D6D466D00A48A83 /* CopyFiles */ = {
			isa = PBXCopyFilesBuildPhase;
			buildActionMask = 2147483647;
			dstPath = /usr/share/man/man1/;
			dstSubfolderSpec = 0;
			files = (
			);
			runOnlyForDeploymentPostprocessing = 1;
		};
/* End PBXCopyFilesBuildPhase section */

/* Begin PBXFileReference section */
		39A73A651D6D466D00A48A83 /* rdiff */ = {isa = PBXFileReference; explicitFileType = "compiled.mach-o.executable"; includeInIndex = 0; path = rdiff; sourceTree = BUILT_PRODUCTS_DIR; };
		39A73A681D6D466D00A48A83 /* main.swift */ = {isa = PBXFileReference; lastKnownFileType = sourcecode.swift; path = main.swift; sourceTree = "<group>"; };
		39A73A6F1D6D467E00A48A83 /* File.swift */ = {isa = PBXFileReference; fileEncoding = 4; lastKnownFileType = sourcecode.swift; path = File.swift; sourceTree = "<group>"; };
		39A73A711D6D46F600A48A83 /* FolderCrawler.swift */ = {isa = PBXFileReference; fileEncoding = 4; lastKnownFileType = sourcecode.swift; path = FolderCrawler.swift; sourceTree = "<group>"; };
/* End PBXFileReference section */

/* Begin PBXFrameworksBuildPhase section */
		39A73A621D6D466D00A48A83 /* Frameworks */ = {
			isa = PBXFrameworksBuildPhase;
			buildActionMask = 2147483647;
			files = (
			);
			runOnlyForDeploymentPostprocessing = 0;
		};
/* End PBXFrameworksBuildPhase section */

/* Begin PBXGroup section */
		39A73A5C1D6D466D00A48A83 = {
			isa = PBXGroup;
			children = (
				39A73A671D6D466D00A48A83 /* rdiff */,
				39A73A661D6D466D00A48A83 /* Products */,
			);
			sourceTree = "<group>";
		};
		39A73A661D6D466D00A48A83 /* Products */ = {
			isa = PBXGroup;
			children = (
				39A73A651D6D466D00A48A83 /* rdiff */,
			);
			name = Products;
			sourceTree = "<group>";
		};
		39A73A671D6D466D00A48A83 /* rdiff */ = {
			isa = PBXGroup;
			children = (
				39A73A681D6D466D00A48A83 /* main.swift */,
				39A73A711D6D46F600A48A83 /* FolderCrawler.swift */,
				39A73A6F1D6D467E00A48A83 /* File.swift */,
			);
			path = rdiff;
			sourceTree = "<group>";
		};
/* End PBXGroup section */

/* Begin PBXNativeTarget section */
		39A73A641D6D466D00A48A83 /* rdiff */ = {
			isa = PBXNativeTarget;
			buildConfigurationList = 39A73A6C1D6D466D00A48A83 /* Build configuration list for PBXNativeTarget "rdiff" */;
			buildPhases = (
				39A73A611D6D466D00A48A83 /* Sources */,
				39A73A621D6D466D00A48A83 /* Frameworks */,
				39A73A631D6D466D00A48A83 /* CopyFiles */,
			);
			buildRules = (
			);
			dependencies = (
			);
			name = rdiff;
			productName = rdiff;
			productReference = 39A73A651D6D466D00A48A83 /* rdiff */;
			productType = "com.apple.product-type.tool";
		};
/* End PBXNativeTarget section */

/* Begin PBXProject section */
		39A73A5D1D6D466D00A48A83 /* Project object */ = {
			isa = PBXProject;
			attributes = {
				LastSwiftUpdateCheck = 0800;
				LastUpgradeCheck = 0800;
				ORGANIZATIONNAME = rrdev;
				TargetAttributes = {
					39A73A641D6D466D00A48A83 = {
						CreatedOnToolsVersion = 8.0;
						DevelopmentTeam = HXY2V2SCJW;
						ProvisioningStyle = Automatic;
					};
				};
			};
			buildConfigurationList = 39A73A601D6D466D00A48A83 /* Build configuration list for PBXProject "rdiff" */;
			compatibilityVersion = "Xcode 3.2";
			developmentRegion = English;
			hasScannedForEncodings = 0;
			knownRegions = (
				en,
			);
			mainGroup = 39A73A5C1D6D466D00A48A83;
			productRefGroup = 39A73A661D6D466D00A48A83 /* Products */;
			projectDirPath = "";
			projectRoot = "";
			targets = (
				39A73A641D6D466D00A48A83 /* rdiff */,
			);
		};
/* End PBXProject section */

/* Begin PBXSourcesBuildPhase section */
		39A73A611D6D466D00A48A83 /* Sources */ = {
			isa = PBXSourcesBuildPhase;
			buildActionMask = 2147483647;
			files = (
				39A73A721D6D46F600A48A83 /* FolderCrawler.swift in Sources */,
				39A73A691D6D466D00A48A83 /* main.swift in Sources */,
				39A73A701D6D467E00A48A83 /* File.swift in Sources */,
			);
			runOnlyForDeploymentPostprocessing = 0;
		};
/* End PBXSourcesBuildPhase section */

/* Begin XCBuildConfiguration section */
		39A73A6A1D6D466D00A48A83 /* Debug */ = {
			isa = XCBuildConfiguration;
			buildSettings = {
				ALWAYS_SEARCH_USER_PATHS = NO;
				CLANG_ANALYZER_NONNULL = YES;
				CLANG_CXX_LANGUAGE_STANDARD = "gnu++0x";
				CLANG_CXX_LIBRARY = "libc++";
				CLANG_ENABLE_MODULES = YES;
				CLANG_ENABLE_OBJC_ARC = YES;
				CLANG_WARN_BOOL_CONVERSION = YES;
				CLANG_WARN_CONSTANT_CONVERSION = YES;
				CLANG_WARN_DIRECT_OBJC_ISA_USAGE = YES_ERROR;
				CLANG_WARN_DOCUMENTATION_COMMENTS = YES;
				CLANG_WARN_EMPTY_BODY = YES;
				CLANG_WARN_ENUM_CONVERSION = YES;
				CLANG_WARN_INFINITE_RECURSION = YES;
				CLANG_WARN_INT_CONVERSION = YES;
				CLANG_WARN_OBJC_ROOT_CLASS = YES_ERROR;
				CLANG_WARN_SUSPICIOUS_MOVES = YES;
				CLANG_WARN_UNREACHABLE_CODE = YES;
				CLANG_WARN__DUPLICATE_METHOD_MATCH = YES;
				CODE_SIGN_IDENTITY = "-";
				COPY_PHASE_STRIP = NO;
				DEBUG_INFORMATION_FORMAT = dwarf;
				ENABLE_STRICT_OBJC_MSGSEND = YES;
				ENABLE_TESTABILITY = YES;
				GCC_C_LANGUAGE_STANDARD = gnu99;
				GCC_DYNAMIC_NO_PIC = NO;
				GCC_NO_COMMON_BLOCKS = YES;
				GCC_OPTIMIZATION_LEVEL = 0;
				GCC_PREPROCESSOR_DEFINITIONS = (
					"DEBUG=1",
					"$(inherited)",
				);
				GCC_WARN_64_TO_32_BIT_CONVERSION = YES;
				GCC_WARN_ABOUT_RETURN_TYPE = YES_ERROR;
				GCC_WARN_UNDECLARED_SELECTOR = YES;
				GCC_WARN_UNINITIALIZED_AUTOS = YES_AGGRESSIVE;
				GCC_WARN_UNUSED_FUNCTION = YES;
				GCC_WARN_UNUSED_VARIABLE = YES;
				MACOSX_DEPLOYMENT_TARGET = 10.11;
				MTL_ENABLE_DEBUG_INFO = YES;
				ONLY_ACTIVE_ARCH = YES;
				SDKROOT = macosx;
				SWIFT_OPTIMIZATION_LEVEL = "-Onone";
			};
			name = Debug;
		};
		39A73A6B1D6D466D00A48A83 /* Release */ = {
			isa = XCBuildConfiguration;
			buildSettings = {
				ALWAYS_SEARCH_USER_PATHS = NO;
				CLANG_ANALYZER_NONNULL = YES;
				CLANG_CXX_LANGUAGE_STANDARD = "gnu++0x";
				CLANG_CXX_LIBRARY = "libc++";
				CLANG_ENABLE_MODULES = YES;
				CLANG_ENABLE_OBJC_ARC = YES;
				CLANG_WARN_BOOL_CONVERSION = YES;
				CLANG_WARN_CONSTANT_CONVERSION = YES;
				CLANG_WARN_DIRECT_OBJC_ISA_USAGE = YES_ERROR;
				CLANG_WARN_DOCUMENTATION_COMMENTS = YES;
				CLANG_WARN_EMPTY_BODY = YES;
				CLANG_WARN_ENUM_CONVERSION = YES;
				CLANG_WARN_INFINITE_RECURSION = YES;
				CLANG_WARN_INT_CONVERSION = YES;
				CLANG_WARN_OBJC_ROOT_CLASS = YES_ERROR;
				CLANG_WARN_SUSPICIOUS_MOVES = YES;
				CLANG_WARN_UNREACHABLE_CODE = YES;
				CLANG_WARN__DUPLICATE_METHOD_MATCH = YES;
				CODE_SIGN_IDENTITY = "-";
				COPY_PHASE_STRIP = NO;
				DEBUG_INFORMATION_FORMAT = "dwarf-with-dsym";
				ENABLE_NS_ASSERTIONS = NO;
				ENABLE_STRICT_OBJC_MSGSEND = YES;
				GCC_C_LANGUAGE_STANDARD = gnu99;
				GCC_NO_COMMON_BLOCKS = YES;
				GCC_WARN_64_TO_32_BIT_CONVERSION = YES;
				GCC_WARN_ABOUT_RETURN_TYPE = YES_ERROR;
				GCC_WARN_UNDECLARED_SELECTOR = YES;
				GCC_WARN_UNINITIALIZED_AUTOS = YES_AGGRESSIVE;
				GCC_WARN_UNUSED_FUNCTION = YES;
				GCC_WARN_UNUSED_VARIABLE = YES;
				MACOSX_DEPLOYMENT_TARGET = 10.11;
				MTL_ENABLE_DEBUG_INFO = NO;
				SDKROOT = macosx;
			};
			name = Release;
		};
		39A73A6D1D6D466D00A48A83 /* Debug */ = {
			isa = XCBuildConfiguration;
			buildSettings = {
				DEVELOPMENT_TEAM = HXY2V2SCJW;
				PRODUCT_NAME = "$(TARGET_NAME)";
				SWIFT_VERSION = 3.0;
			};
			name = Debug;
		};
		39A73A6E1D6D466D00A48A83 /* Release */ = {
			isa = XCBuildConfiguration;
			buildSettings = {
				DEVELOPMENT_TEAM = HXY2V2SCJW;
				PRODUCT_NAME = "$(TARGET_NAME)";
				SWIFT_VERSION = 3.0;
			};
			name = Release;
		};
/* End XCBuildConfiguration section */

/* Begin XCConfigurationList section */
		39A73A601D6D466D00A48A83 /* Build configuration list for PBXProject "rdiff" */ = {
			isa = XCConfigurationList;
			buildConfigurations = (
				39A73A6A1D6D466D00A48A83 /* Debug */,
				39A73A6B1D6D466D00A48A83 /* Release */,
			);
			defaultConfigurationIsVisible = 0;
			defaultConfigurationName = Release;
		};
		39A73A6C1D6D466D00A48A83 /* Build configuration list for PBXNativeTarget "rdiff" */ = {
			isa = XCConfigurationList;
			buildConfigurations = (
				39A73A6D1D6D466D00A48A83 /* Debug */,
				39A73A6E1D6D466D00A48A83 /* Release */,
			);
			defaultConfigurationIsVisible = 0;
			defaultConfigurationName = Release;
		};
/* End XCConfigurationList section */
	};
	rootObject = 39A73A5D1D6D466D00A48A83 /* Project object */;
}
